
Microsoft Visual Studio Solution File, Format Version 12.00
# Visual Studio 2013
VisualStudioVersion = 12.0.30723.0
MinimumVisualStudioVersion = 10.0.40219.1
Project("{FAE04EC0-301F-11D3-BF4B-00C04F79EFBC}") = "SternBrocotSequenceGenerator", "SternBrocotSequenceGenerator\SternBrocotSequenceGenerator.csproj", "{19EA65A7-35FD-4F25-9BE6-AA8C2AEF088D}"
EndProject
Project("{FAE04EC0-301F-11D3-BF4B-00C04F79EFBC}") = "SternBrocotSequenceGenerator.Core", "SternBrocotSequenceGenerator.Core\SternBrocotSequenceGenerator.Core.csproj", "{243C4897-29D9-4BCC-9DF6-E9C3F97E5EA7}"
EndProject
Project("{FAE04EC0-301F-11D3-BF4B-00C04F79EFBC}") = "SternBrocotSequenceGenerator.Tests", "SternBrocotSequenceGenerator.Tests\SternBrocotSequenceGenerator.Tests.csproj", "{D0167B7E-7A55-4931-AC18-0A17D9A72EAA}"
EndProject
Project("{2150E333-8FDC-42A3-9474-1A3956D46DE8}") = ".nuget", ".nuget", "{B4EAC91F-B2D2-4992-85B0-6856A24975E3}"
	ProjectSection(SolutionItems) = preProject
		.nuget\packages.config = .nuget\packages.config
	EndProjectSection
EndProject
Global
	GlobalSection(SolutionConfigurationPlatforms) = preSolution
		Debug|Any CPU = Debug|Any CPU
		Release|Any CPU = Release|Any CPU
	EndGlobalSection
	GlobalSection(ProjectConfigurationPlatforms) = postSolution
		{19EA65A7-35FD-4F25-9BE6-AA8C2AEF088D}.Debug|Any CPU.ActiveCfg = Debug|Any CPU
		{19EA65A7-35FD-4F25-9BE6-AA8C2AEF088D}.Debug|Any CPU.Build.0 = Debug|Any CPU
		{19EA65A7-35FD-4F25-9BE6-AA8C2AEF088D}.Release|Any CPU.ActiveCfg = Release|Any CPU
		{19EA65A7-35FD-4F25-9BE6-AA8C2AEF088D}.Release|Any CPU.Build.0 = Release|Any CPU
		{243C4897-29D9-4BCC-9DF6-E9C3F97E5EA7}.Debug|Any CPU.ActiveCfg = Debug|Any CPU
		{243C4897-29D9-4BCC-9DF6-E9C3F97E5EA7}.Debug|Any CPU.Build.0 = Debug|Any CPU
		{243C4897-29D9-4BCC-9DF6-E9C3F97E5EA7}.Release|Any CPU.ActiveCfg = Release|Any CPU
		{243C4897-29D9-4BCC-9DF6-E9C3F97E5EA7}.Release|Any CPU.Build.0 = Release|Any CPU
		{D0167B7E-7A55-4931-AC18-0A17D9A72EAA}.Debug|Any CPU.ActiveCfg = Debug|Any CPU
		{D0167B7E-7A55-4931-AC18-0A17D9A72EAA}.Debug|Any CPU.Build.0 = Debug|Any CPU
		{D0167B7E-7A55-4931-AC18-0A17D9A72EAA}.Release|Any CPU.ActiveCfg = Release|Any CPU
		{D0167B7E-7A55-4931-AC18-0A17D9A72EAA}.Release|Any CPU.Build.0 = Release|Any CPU
	EndGlobalSection
	GlobalSection(SolutionProperties) = preSolution
		HideSolutionNode = FALSE
	EndGlobalSection
EndGlobal
